
Microsoft Visual Studio Solution File, Format Version 12.00
# Visual Studio Version 17
VisualStudioVersion = 17.14.37012.4
MinimumVisualStudioVersion = 10.0.40219.1
Project("{FAE04EC0-301F-11D3-BF4B-00C04F79EFBC}") = "Bank", "Bank\Bank.csproj", "{9641363E-892D-46DF-81BB-977C6C83E46A}"
EndProject
Project("{FAE04EC0-301F-11D3-BF4B-00C04F79EFBC}") = "BankTests", "BankTests\BankTests.csproj", "{F4B5680D-DE26-4766-9E5B-8327B7F586D4}"
EndProject
Global
	GlobalSection(SolutionConfigurationPlatforms) = preSolution
		Debug|Any CPU = Debug|Any CPU
		Release|Any CPU = Release|Any CPU
	EndGlobalSection
	GlobalSection(ProjectConfigurationPlatforms) = postSolution
		{9641363E-892D-46DF-81BB-977C6C83E46A}.Debug|Any CPU.ActiveCfg = Debug|Any CPU
		{9641363E-892D-46DF-81BB-977C6C83E46A}.Debug|Any CPU.Build.0 = Debug|Any CPU
		{9641363E-892D-46DF-81BB-977C6C83E46A}.Release|Any CPU.ActiveCfg = Release|Any CPU
		{9641363E-892D-46DF-81BB-977C6C83E46A}.Release|Any CPU.Build.0 = Release|Any CPU
		{F4B5680D-DE26-4766-9E5B-8327B7F586D4}.Debug|Any CPU.ActiveCfg = Debug|Any CPU
		{F4B5680D-DE26-4766-9E5B-8327B7F586D4}.Debug|Any CPU.Build.0 = Debug|Any CPU
		{F4B5680D-DE26-4766-9E5B-8327B7F586D4}.Release|Any CPU.ActiveCfg = Release|Any CPU
		{F4B5680D-DE26-4766-9E5B-8327B7F586D4}.Release|Any CPU.Build.0 = Release|Any CPU
	EndGlobalSection
	GlobalSection(SolutionProperties) = preSolution
		HideSolutionNode = FALSE
	EndGlobalSection
	GlobalSection(ExtensibilityGlobals) = postSolution
		SolutionGuid = {F5F5556C-7B66-4FDC-9291-B978663B2E81}
	EndGlobalSection
EndGlobal
